
Microsoft Visual Studio Solution File, Format Version 12.00
# Visual Studio Version 16
VisualStudioVersion = 16.0.31624.102
MinimumVisualStudioVersion = 10.0.40219.1
Project("{FAE04EC0-301F-11D3-BF4B-00C04F79EFBC}") = "PROJECT OF WPF", "PROJECT OF WPF.csproj", "{395D6B30-EBDD-4A4B-8B82-6907E26D0A6A}"
EndProject
Global
	GlobalSection(SolutionConfigurationPlatforms) = preSolution
		Debug|Any CPU = Debug|Any CPU
		Release|Any CPU = Release|Any CPU
	EndGlobalSection
	GlobalSection(ProjectConfigurationPlatforms) = postSolution
		{395D6B30-EBDD-4A4B-8B82-6907E26D0A6A}.Debug|Any CPU.ActiveCfg = Debug|Any CPU
		{395D6B30-EBDD-4A4B-8B82-6907E26D0A6A}.Debug|Any CPU.Build.0 = Debug|Any CPU
		{395D6B30-EBDD-4A4B-8B82-6907E26D0A6A}.Release|Any CPU.ActiveCfg = Release|Any CPU
		{395D6B30-EBDD-4A4B-8B82-6907E26D0A6A}.Release|Any CPU.Build.0 = Release|Any CPU
	EndGlobalSection
	GlobalSection(SolutionProperties) = preSolution
		HideSolutionNode = FALSE
	EndGlobalSection
	GlobalSection(ExtensibilityGlobals) = postSolution
		SolutionGuid = {E471D253-FA7F-4E6A-95D5-17C119D3A25F}
	EndGlobalSection
EndGlobal
